
Microsoft Visual Studio Solution File, Format Version 12.00
# Visual Studio Version 17
VisualStudioVersion = 17.9.34701.34
MinimumVisualStudioVersion = 10.0.40219.1
Project("{FAE04EC0-301F-11D3-BF4B-00C04F79EFBC}") = "PROG7311_OrderProcessingSystem", "PROG7311_OrderProcessingSystem.csproj", "{F62470A0-A6A1-483D-92BF-250D8167CFB0}"
EndProject
Global
	GlobalSection(SolutionConfigurationPlatforms) = preSolution
		Debug|Any CPU = Debug|Any CPU
		Release|Any CPU = Release|Any CPU
	EndGlobalSection
	GlobalSection(ProjectConfigurationPlatforms) = postSolution
		{F62470A0-A6A1-483D-92BF-250D8167CFB0}.Debug|Any CPU.ActiveCfg = Debug|Any CPU
		{F62470A0-A6A1-483D-92BF-250D8167CFB0}.Debug|Any CPU.Build.0 = Debug|Any CPU
		{F62470A0-A6A1-483D-92BF-250D8167CFB0}.Release|Any CPU.ActiveCfg = Release|Any CPU
		{F62470A0-A6A1-483D-92BF-250D8167CFB0}.Release|Any CPU.Build.0 = Release|Any CPU
	EndGlobalSection
	GlobalSection(SolutionProperties) = preSolution
		HideSolutionNode = FALSE
	EndGlobalSection
	GlobalSection(ExtensibilityGlobals) = postSolution
		SolutionGuid = {002300A2-95BD-42B6-A36F-37AA3828A84C}
	EndGlobalSection
EndGlobal
